
Microsoft Visual Studio Solution File, Format Version 12.00
# Visual Studio Version 17
VisualStudioVersion = 17.0.31903.59
MinimumVisualStudioVersion = 10.0.40219.1
Project("{9A19103F-16F7-4668-BE54-9A1E7A4F7556}") = "FundamentosC", "FundamentosCsharp\FundamentosC.csproj", "{5E7858AE-026B-4E85-BB90-A910E7E6B278}"
EndProject
Project("{FAE04EC0-301F-11D3-BF4B-00C04F79EFBC}") = "AppClientes", "AppClientes\AppClientes.csproj", "{DA373394-0D8B-485B-994C-4FA61D221C1B}"
EndProject
Global
	GlobalSection(SolutionConfigurationPlatforms) = preSolution
		Debug|Any CPU = Debug|Any CPU
		Release|Any CPU = Release|Any CPU
	EndGlobalSection
	GlobalSection(ProjectConfigurationPlatforms) = postSolution
		{5E7858AE-026B-4E85-BB90-A910E7E6B278}.Debug|Any CPU.ActiveCfg = Debug|Any CPU
		{5E7858AE-026B-4E85-BB90-A910E7E6B278}.Debug|Any CPU.Build.0 = Debug|Any CPU
		{5E7858AE-026B-4E85-BB90-A910E7E6B278}.Release|Any CPU.ActiveCfg = Release|Any CPU
		{5E7858AE-026B-4E85-BB90-A910E7E6B278}.Release|Any CPU.Build.0 = Release|Any CPU
		{DA373394-0D8B-485B-994C-4FA61D221C1B}.Debug|Any CPU.ActiveCfg = Debug|Any CPU
		{DA373394-0D8B-485B-994C-4FA61D221C1B}.Debug|Any CPU.Build.0 = Debug|Any CPU
		{DA373394-0D8B-485B-994C-4FA61D221C1B}.Release|Any CPU.ActiveCfg = Release|Any CPU
		{DA373394-0D8B-485B-994C-4FA61D221C1B}.Release|Any CPU.Build.0 = Release|Any CPU
	EndGlobalSection
	GlobalSection(SolutionProperties) = preSolution
		HideSolutionNode = FALSE
	EndGlobalSection
EndGlobal
